
Microsoft Visual Studio Solution File, Format Version 12.00
# Visual Studio Version 17
VisualStudioVersion = 17.4.33205.214
MinimumVisualStudioVersion = 10.0.40219.1
Project("{FAE04EC0-301F-11D3-BF4B-00C04F79EFBC}") = "Nostreets.Orm.EF.Core", "Nostreets.Orm.EF.Core\Nostreets.Orm.EF.Core.csproj", "{BFA28240-AA7A-4CB1-A652-61FFB15D630E}"
EndProject
Project("{9A19103F-16F7-4668-BE54-9A1E7A4F7556}") = "Nostreets.Extensions.Core", "..\Nostreets.Extensions.Core\Nostreets.Extensions.Core\Nostreets.Extensions.Core.csproj", "{82F7B3D3-34A0-426A-8080-925C80A4AA91}"
EndProject
Project("{FAE04EC0-301F-11D3-BF4B-00C04F79EFBC}") = "Nostreets.Orm.EF.Core.Test", "Nostreets.Orm.EF.Core.Test\Nostreets.Orm.EF.Core.Test.csproj", "{865C3AB4-599B-4C9D-84D7-50AB12955011}"
EndProject
Global
	GlobalSection(SolutionConfigurationPlatforms) = preSolution
		Debug|Any CPU = Debug|Any CPU
		Debug|x64 = Debug|x64
		Debug|x86 = Debug|x86
		Release|Any CPU = Release|Any CPU
		Release|x64 = Release|x64
		Release|x86 = Release|x86
		ProjectRef|Any CPU = ProjectRef|Any CPU
		ProjectRef|x64 = ProjectRef|x64
		ProjectRef|x86 = ProjectRef|x86
		NugetRef|Any CPU = NugetRef|Any CPU
		NugetRef|x64 = NugetRef|x64
		NugetRef|x86 = NugetRef|x86
	EndGlobalSection
	GlobalSection(ProjectConfigurationPlatforms) = postSolution
		{BFA28240-AA7A-4CB1-A652-61FFB15D630E}.Debug|Any CPU.ActiveCfg = Debug|Any CPU
		{BFA28240-AA7A-4CB1-A652-61FFB15D630E}.Debug|Any CPU.Build.0 = Debug|Any CPU
		{BFA28240-AA7A-4CB1-A652-61FFB15D630E}.Debug|x64.ActiveCfg = Debug|Any CPU
		{BFA28240-AA7A-4CB1-A652-61FFB15D630E}.Debug|x64.Build.0 = Debug|Any CPU
		{BFA28240-AA7A-4CB1-A652-61FFB15D630E}.Debug|x86.ActiveCfg = Debug|Any CPU
		{BFA28240-AA7A-4CB1-A652-61FFB15D630E}.Debug|x86.Build.0 = Debug|Any CPU
		{BFA28240-AA7A-4CB1-A652-61FFB15D630E}.Release|Any CPU.ActiveCfg = Release|Any CPU
		{BFA28240-AA7A-4CB1-A652-61FFB15D630E}.Release|Any CPU.Build.0 = Release|Any CPU
		{BFA28240-AA7A-4CB1-A652-61FFB15D630E}.Release|x64.ActiveCfg = Release|Any CPU
		{BFA28240-AA7A-4CB1-A652-61FFB15D630E}.Release|x64.Build.0 = Release|Any CPU
		{BFA28240-AA7A-4CB1-A652-61FFB15D630E}.Release|x86.ActiveCfg = Release|Any CPU
		{BFA28240-AA7A-4CB1-A652-61FFB15D630E}.Release|x86.Build.0 = Release|Any CPU
		{BFA28240-AA7A-4CB1-A652-61FFB15D630E}.ProjectRef|Any CPU.ActiveCfg = ProjectRef|Any CPU
		{BFA28240-AA7A-4CB1-A652-61FFB15D630E}.ProjectRef|Any CPU.Build.0 = ProjectRef|Any CPU
		{BFA28240-AA7A-4CB1-A652-61FFB15D630E}.ProjectRef|x64.ActiveCfg = ProjectRef|Any CPU
		{BFA28240-AA7A-4CB1-A652-61FFB15D630E}.ProjectRef|x64.Build.0 = ProjectRef|Any CPU
		{BFA28240-AA7A-4CB1-A652-61FFB15D630E}.ProjectRef|x86.ActiveCfg = ProjectRef|Any CPU
		{BFA28240-AA7A-4CB1-A652-61FFB15D630E}.ProjectRef|x86.Build.0 = ProjectRef|Any CPU
		{BFA28240-AA7A-4CB1-A652-61FFB15D630E}.NugetRef|Any CPU.ActiveCfg = NugetRef|Any CPU
		{BFA28240-AA7A-4CB1-A652-61FFB15D630E}.NugetRef|Any CPU.Build.0 = NugetRef|Any CPU
		{BFA28240-AA7A-4CB1-A652-61FFB15D630E}.NugetRef|x64.ActiveCfg = NugetRef|Any CPU
		{BFA28240-AA7A-4CB1-A652-61FFB15D630E}.NugetRef|x64.Build.0 = NugetRef|Any CPU
		{BFA28240-AA7A-4CB1-A652-61FFB15D630E}.NugetRef|x86.ActiveCfg = NugetRef|Any CPU
		{BFA28240-AA7A-4CB1-A652-61FFB15D630E}.NugetRef|x86.Build.0 = NugetRef|Any CPU
		{82F7B3D3-34A0-426A-8080-925C80A4AA91}.Debug|Any CPU.ActiveCfg = Debug|Any CPU
		{82F7B3D3-34A0-426A-8080-925C80A4AA91}.Debug|Any CPU.Build.0 = Debug|Any CPU
		{82F7B3D3-34A0-426A-8080-925C80A4AA91}.Debug|x64.ActiveCfg = Debug|Any CPU
		{82F7B3D3-34A0-426A-8080-925C80A4AA91}.Debug|x64.Build.0 = Debug|Any CPU
		{82F7B3D3-34A0-426A-8080-925C80A4AA91}.Debug|x86.ActiveCfg = Debug|Any CPU
		{82F7B3D3-34A0-426A-8080-925C80A4AA91}.Debug|x86.Build.0 = Debug|Any CPU
		{82F7B3D3-34A0-426A-8080-925C80A4AA91}.Release|Any CPU.ActiveCfg = Release|Any CPU
		{82F7B3D3-34A0-426A-8080-925C80A4AA91}.Release|Any CPU.Build.0 = Release|Any CPU
		{82F7B3D3-34A0-426A-8080-925C80A4AA91}.Release|x64.ActiveCfg = Release|Any CPU
		{82F7B3D3-34A0-426A-8080-925C80A4AA91}.Release|x64.Build.0 = Release|Any CPU
		{82F7B3D3-34A0-426A-8080-925C80A4AA91}.Release|x86.ActiveCfg = Release|Any CPU
		{82F7B3D3-34A0-426A-8080-925C80A4AA91}.Release|x86.Build.0 = Release|Any CPU
		{82F7B3D3-34A0-426A-8080-925C80A4AA91}.ProjectRef|Any CPU.ActiveCfg = Debug|Any CPU
		{82F7B3D3-34A0-426A-8080-925C80A4AA91}.ProjectRef|Any CPU.Build.0 = Debug|Any CPU
		{82F7B3D3-34A0-426A-8080-925C80A4AA91}.ProjectRef|x64.ActiveCfg = ProjectRef|Any CPU
		{82F7B3D3-34A0-426A-8080-925C80A4AA91}.ProjectRef|x64.Build.0 = ProjectRef|Any CPU
		{82F7B3D3-34A0-426A-8080-925C80A4AA91}.ProjectRef|x86.ActiveCfg = ProjectRef|Any CPU
		{82F7B3D3-34A0-426A-8080-925C80A4AA91}.ProjectRef|x86.Build.0 = ProjectRef|Any CPU
		{82F7B3D3-34A0-426A-8080-925C80A4AA91}.NugetRef|Any CPU.ActiveCfg = Debug|Any CPU
		{82F7B3D3-34A0-426A-8080-925C80A4AA91}.NugetRef|x64.ActiveCfg = NugetRef|Any CPU
		{82F7B3D3-34A0-426A-8080-925C80A4AA91}.NugetRef|x64.Build.0 = NugetRef|Any CPU
		{82F7B3D3-34A0-426A-8080-925C80A4AA91}.NugetRef|x86.ActiveCfg = NugetRef|Any CPU
		{82F7B3D3-34A0-426A-8080-925C80A4AA91}.NugetRef|x86.Build.0 = NugetRef|Any CPU
		{865C3AB4-599B-4C9D-84D7-50AB12955011}.Debug|Any CPU.ActiveCfg = Debug|Any CPU
		{865C3AB4-599B-4C9D-84D7-50AB12955011}.Debug|Any CPU.Build.0 = Debug|Any CPU
		{865C3AB4-599B-4C9D-84D7-50AB12955011}.Debug|x64.ActiveCfg = Debug|Any CPU
		{865C3AB4-599B-4C9D-84D7-50AB12955011}.Debug|x64.Build.0 = Debug|Any CPU
		{865C3AB4-599B-4C9D-84D7-50AB12955011}.Debug|x86.ActiveCfg = Debug|Any CPU
		{865C3AB4-599B-4C9D-84D7-50AB12955011}.Debug|x86.Build.0 = Debug|Any CPU
		{865C3AB4-599B-4C9D-84D7-50AB12955011}.Release|Any CPU.ActiveCfg = Release|Any CPU
		{865C3AB4-599B-4C9D-84D7-50AB12955011}.Release|Any CPU.Build.0 = Release|Any CPU
		{865C3AB4-599B-4C9D-84D7-50AB12955011}.Release|x64.ActiveCfg = Release|Any CPU
		{865C3AB4-599B-4C9D-84D7-50AB12955011}.Release|x64.Build.0 = Release|Any CPU
		{865C3AB4-599B-4C9D-84D7-50AB12955011}.Release|x86.ActiveCfg = Release|Any CPU
		{865C3AB4-599B-4C9D-84D7-50AB12955011}.Release|x86.Build.0 = Release|Any CPU
		{865C3AB4-599B-4C9D-84D7-50AB12955011}.ProjectRef|Any CPU.ActiveCfg = ProjectRef|Any CPU
		{865C3AB4-599B-4C9D-84D7-50AB12955011}.ProjectRef|Any CPU.Build.0 = ProjectRef|Any CPU
		{865C3AB4-599B-4C9D-84D7-50AB12955011}.ProjectRef|x64.ActiveCfg = ProjectRef|Any CPU
		{865C3AB4-599B-4C9D-84D7-50AB12955011}.ProjectRef|x64.Build.0 = ProjectRef|Any CPU
		{865C3AB4-599B-4C9D-84D7-50AB12955011}.ProjectRef|x86.ActiveCfg = ProjectRef|Any CPU
		{865C3AB4-599B-4C9D-84D7-50AB12955011}.ProjectRef|x86.Build.0 = ProjectRef|Any CPU
		{865C3AB4-599B-4C9D-84D7-50AB12955011}.NugetRef|Any CPU.ActiveCfg = NugetRef|Any CPU
		{865C3AB4-599B-4C9D-84D7-50AB12955011}.NugetRef|Any CPU.Build.0 = NugetRef|Any CPU
		{865C3AB4-599B-4C9D-84D7-50AB12955011}.NugetRef|x64.ActiveCfg = NugetRef|Any CPU
		{865C3AB4-599B-4C9D-84D7-50AB12955011}.NugetRef|x64.Build.0 = NugetRef|Any CPU
		{865C3AB4-599B-4C9D-84D7-50AB12955011}.NugetRef|x86.ActiveCfg = NugetRef|Any CPU
		{865C3AB4-599B-4C9D-84D7-50AB12955011}.NugetRef|x86.Build.0 = NugetRef|Any CPU
	EndGlobalSection
	GlobalSection(SolutionProperties) = preSolution
		HideSolutionNode = FALSE
	EndGlobalSection
	GlobalSection(ExtensibilityGlobals) = postSolution
		SolutionGuid = {0D55B74D-83E2-446F-ADB4-D7D3763FC1B1}
	EndGlobalSection
EndGlobal
